
Microsoft Visual Studio Solution File, Format Version 12.00
# Visual Studio Version 17
VisualStudioVersion = 17.9.34616.47
MinimumVisualStudioVersion = 10.0.40219.1
Project("{9A19103F-16F7-4668-BE54-9A1E7A4F7556}") = "WebLap", "WebLap\WebLap.csproj", "{FAFFF03E-FDBC-4210-B80F-E8E9F30B1CB1}"
EndProject
Project("{9A19103F-16F7-4668-BE54-9A1E7A4F7556}") = "Domin", "Domin\Domin.csproj", "{3A820619-0D1C-4B1E-BBB0-5D0FC906F511}"
EndProject
Project("{9A19103F-16F7-4668-BE54-9A1E7A4F7556}") = "Bl", "Bl\Bl.csproj", "{4A201B18-F82A-48AE-B79C-800B75F2E452}"
EndProject
Global
	GlobalSection(SolutionConfigurationPlatforms) = preSolution
		Debug|Any CPU = Debug|Any CPU
		Release|Any CPU = Release|Any CPU
	EndGlobalSection
	GlobalSection(ProjectConfigurationPlatforms) = postSolution
		{FAFFF03E-FDBC-4210-B80F-E8E9F30B1CB1}.Debug|Any CPU.ActiveCfg = Debug|Any CPU
		{FAFFF03E-FDBC-4210-B80F-E8E9F30B1CB1}.Debug|Any CPU.Build.0 = Debug|Any CPU
		{FAFFF03E-FDBC-4210-B80F-E8E9F30B1CB1}.Release|Any CPU.ActiveCfg = Release|Any CPU
		{FAFFF03E-FDBC-4210-B80F-E8E9F30B1CB1}.Release|Any CPU.Build.0 = Release|Any CPU
		{3A820619-0D1C-4B1E-BBB0-5D0FC906F511}.Debug|Any CPU.ActiveCfg = Debug|Any CPU
		{3A820619-0D1C-4B1E-BBB0-5D0FC906F511}.Debug|Any CPU.Build.0 = Debug|Any CPU
		{3A820619-0D1C-4B1E-BBB0-5D0FC906F511}.Release|Any CPU.ActiveCfg = Release|Any CPU
		{3A820619-0D1C-4B1E-BBB0-5D0FC906F511}.Release|Any CPU.Build.0 = Release|Any CPU
		{4A201B18-F82A-48AE-B79C-800B75F2E452}.Debug|Any CPU.ActiveCfg = Debug|Any CPU
		{4A201B18-F82A-48AE-B79C-800B75F2E452}.Debug|Any CPU.Build.0 = Debug|Any CPU
		{4A201B18-F82A-48AE-B79C-800B75F2E452}.Release|Any CPU.ActiveCfg = Release|Any CPU
		{4A201B18-F82A-48AE-B79C-800B75F2E452}.Release|Any CPU.Build.0 = Release|Any CPU
	EndGlobalSection
	GlobalSection(SolutionProperties) = preSolution
		HideSolutionNode = FALSE
	EndGlobalSection
	GlobalSection(ExtensibilityGlobals) = postSolution
		SolutionGuid = {23382E01-61C0-4878-A1F2-583ACE9695E3}
	EndGlobalSection
EndGlobal
